
Microsoft Visual Studio Solution File, Format Version 12.00
# Visual Studio 15
VisualStudioVersion = 15.0.27703.2035
MinimumVisualStudioVersion = 10.0.40219.1
Project("{9A19103F-16F7-4668-BE54-9A1E7A4F7556}") = "ddd_asp_practice", "ddd_asp_practice\ddd_asp_practice.csproj", "{6FC8FDC5-6692-49DC-B57B-D2ECA9FA35AF}"
EndProject
Global
	GlobalSection(SolutionConfigurationPlatforms) = preSolution
		Debug|Any CPU = Debug|Any CPU
		Release|Any CPU = Release|Any CPU
	EndGlobalSection
	GlobalSection(ProjectConfigurationPlatforms) = postSolution
		{6FC8FDC5-6692-49DC-B57B-D2ECA9FA35AF}.Debug|Any CPU.ActiveCfg = Debug|Any CPU
		{6FC8FDC5-6692-49DC-B57B-D2ECA9FA35AF}.Debug|Any CPU.Build.0 = Debug|Any CPU
		{6FC8FDC5-6692-49DC-B57B-D2ECA9FA35AF}.Release|Any CPU.ActiveCfg = Release|Any CPU
		{6FC8FDC5-6692-49DC-B57B-D2ECA9FA35AF}.Release|Any CPU.Build.0 = Release|Any CPU
	EndGlobalSection
	GlobalSection(SolutionProperties) = preSolution
		HideSolutionNode = FALSE
	EndGlobalSection
	GlobalSection(ExtensibilityGlobals) = postSolution
		SolutionGuid = {5CB2A612-7D2A-49A8-83EE-159BAD975B0D}
	EndGlobalSection
EndGlobal
